
Microsoft Visual Studio Solution File, Format Version 12.00
# Visual Studio Version 16
VisualStudioVersion = 16.0.30907.101
MinimumVisualStudioVersion = 10.0.40219.1
Project("{FAE04EC0-301F-11D3-BF4B-00C04F79EFBC}") = "DNATagger", "DNATagger.csproj", "{2F09E7B8-0C88-4CCD-A208-757644278037}"
EndProject
Global
	GlobalSection(SolutionConfigurationPlatforms) = preSolution
		Debug|Any CPU = Debug|Any CPU
		Release|Any CPU = Release|Any CPU
	EndGlobalSection
	GlobalSection(ProjectConfigurationPlatforms) = postSolution
		{2F09E7B8-0C88-4CCD-A208-757644278037}.Debug|Any CPU.ActiveCfg = Debug|Any CPU
		{2F09E7B8-0C88-4CCD-A208-757644278037}.Debug|Any CPU.Build.0 = Debug|Any CPU
		{2F09E7B8-0C88-4CCD-A208-757644278037}.Release|Any CPU.ActiveCfg = Release|Any CPU
		{2F09E7B8-0C88-4CCD-A208-757644278037}.Release|Any CPU.Build.0 = Release|Any CPU
	EndGlobalSection
	GlobalSection(SolutionProperties) = preSolution
		HideSolutionNode = FALSE
	EndGlobalSection
	GlobalSection(ExtensibilityGlobals) = postSolution
		SolutionGuid = {1CB4C46D-BEC2-4787-B84D-490F62E845FD}
	EndGlobalSection
EndGlobal
